
Microsoft Visual Studio Solution File, Format Version 12.00
# Visual Studio Version 17
VisualStudioVersion = 17.7.34202.233
MinimumVisualStudioVersion = 10.0.40219.1
Project("{FAE04EC0-301F-11D3-BF4B-00C04F79EFBC}") = "Lab01WebAPI", "Lab01WebAPI\Lab01WebAPI.csproj", "{6B9C3E22-22FA-4F25-8EE1-C1FBE6066926}"
EndProject
Project("{FAE04EC0-301F-11D3-BF4B-00C04F79EFBC}") = "Lab01WebApp", "Lab01WebApp\Lab01WebApp.csproj", "{100E5148-4318-4FC5-B97F-45A50489345E}"
EndProject
Project("{FAE04EC0-301F-11D3-BF4B-00C04F79EFBC}") = "Lab01Lib", "Lab01Lib\Lab01Lib.csproj", "{ADB5D878-6E90-4D98-90F9-265F57CE9042}"
EndProject
Global
	GlobalSection(SolutionConfigurationPlatforms) = preSolution
		Debug|Any CPU = Debug|Any CPU
		Release|Any CPU = Release|Any CPU
	EndGlobalSection
	GlobalSection(ProjectConfigurationPlatforms) = postSolution
		{6B9C3E22-22FA-4F25-8EE1-C1FBE6066926}.Debug|Any CPU.ActiveCfg = Debug|Any CPU
		{6B9C3E22-22FA-4F25-8EE1-C1FBE6066926}.Debug|Any CPU.Build.0 = Debug|Any CPU
		{6B9C3E22-22FA-4F25-8EE1-C1FBE6066926}.Release|Any CPU.ActiveCfg = Release|Any CPU
		{6B9C3E22-22FA-4F25-8EE1-C1FBE6066926}.Release|Any CPU.Build.0 = Release|Any CPU
		{100E5148-4318-4FC5-B97F-45A50489345E}.Debug|Any CPU.ActiveCfg = Debug|Any CPU
		{100E5148-4318-4FC5-B97F-45A50489345E}.Debug|Any CPU.Build.0 = Debug|Any CPU
		{100E5148-4318-4FC5-B97F-45A50489345E}.Release|Any CPU.ActiveCfg = Release|Any CPU
		{100E5148-4318-4FC5-B97F-45A50489345E}.Release|Any CPU.Build.0 = Release|Any CPU
		{ADB5D878-6E90-4D98-90F9-265F57CE9042}.Debug|Any CPU.ActiveCfg = Debug|Any CPU
		{ADB5D878-6E90-4D98-90F9-265F57CE9042}.Debug|Any CPU.Build.0 = Debug|Any CPU
		{ADB5D878-6E90-4D98-90F9-265F57CE9042}.Release|Any CPU.ActiveCfg = Release|Any CPU
		{ADB5D878-6E90-4D98-90F9-265F57CE9042}.Release|Any CPU.Build.0 = Release|Any CPU
	EndGlobalSection
	GlobalSection(SolutionProperties) = preSolution
		HideSolutionNode = FALSE
	EndGlobalSection
	GlobalSection(ExtensibilityGlobals) = postSolution
		SolutionGuid = {AAE8F83B-A721-43AE-9C7B-59761A402B46}
	EndGlobalSection
EndGlobal
