
Microsoft Visual Studio Solution File, Format Version 12.00
# Visual Studio Version 17
VisualStudioVersion = 17.7.34202.233
MinimumVisualStudioVersion = 10.0.40219.1
Project("{9A19103F-16F7-4668-BE54-9A1E7A4F7556}") = "Lab01WebAPI", "Lab01WebAPI\Lab01WebAPI.csproj", "{6B9C3E22-22FA-4F25-8EE1-C1FBE6066926}"
EndProject
Project("{9A19103F-16F7-4668-BE54-9A1E7A4F7556}") = "Lab01WebApp", "Lab01WebApp\Lab01WebApp.csproj", "{100E5148-4318-4FC5-B97F-45A50489345E}"
EndProject
Project("{9A19103F-16F7-4668-BE54-9A1E7A4F7556}") = "Lab01Lib", "Lab01Lib\Lab01Lib.csproj", "{ADB5D878-6E90-4D98-90F9-265F57CE9042}"
EndProject
Project("{9A19103F-16F7-4668-BE54-9A1E7A4F7556}") = "Lab02Lib", "Lab02Lib\Lab02Lib.csproj", "{14AECD67-BD7A-4873-A46C-8A8DFD4D527A}"
EndProject
Project("{9A19103F-16F7-4668-BE54-9A1E7A4F7556}") = "Lab02WebAPI", "Lab02WebAPI\Lab02WebAPI.csproj", "{7DF4680B-7CA1-416D-8E7B-94FF3366DF6E}"
EndProject
Project("{9A19103F-16F7-4668-BE54-9A1E7A4F7556}") = "Lab02WebApp", "Lab02WebApp\Lab02WebApp.csproj", "{9419FDAB-6175-4554-8272-22873173E838}"
EndProject
Project("{9A19103F-16F7-4668-BE54-9A1E7A4F7556}") = "Lab04", "Lab04\Lab04.csproj", "{B2C1F4DF-4ECA-44B9-8074-8B3FE99C8F5E}"
EndProject
Project("{9A19103F-16F7-4668-BE54-9A1E7A4F7556}") = "Lab04WebAPI", "Lab04WebAPI\Lab04WebAPI.csproj", "{83EA8B41-4925-48C5-83A7-95878534AA14}"
EndProject
Project("{9A19103F-16F7-4668-BE54-9A1E7A4F7556}") = "Lab04WebApp", "Lab04WebApp\Lab04WebApp.csproj", "{AB6D5618-22F8-43CE-B366-5E0D1AAC61F8}"
EndProject
Project("{9A19103F-16F7-4668-BE54-9A1E7A4F7556}") = "Lab05Lib", "Lab05Lib\Lab05Lib.csproj", "{5D73B036-F033-47BD-B72B-2B9A7F467D20}"
EndProject
Project("{9A19103F-16F7-4668-BE54-9A1E7A4F7556}") = "Lab05WebAPI", "Lab05WebAPI\Lab05WebAPI.csproj", "{31A9E18E-9BF7-43C8-A820-57F302F2C7F0}"
EndProject
Project("{9A19103F-16F7-4668-BE54-9A1E7A4F7556}") = "Lab05WebApp", "Lab05WebApp\Lab05WebApp.csproj", "{E1FDBAE7-1046-4F41-99AB-DF5C0A171143}"
EndProject
Project("{9A19103F-16F7-4668-BE54-9A1E7A4F7556}") = "Lab06Lib", "Lab06Lib\Lab06Lib.csproj", "{41B67A31-27FA-49FC-87B4-4570A897035A}"
EndProject
Project("{9A19103F-16F7-4668-BE54-9A1E7A4F7556}") = "Lab06WebAPI", "Lab06WebAPI\Lab06WebAPI.csproj", "{D11DE9C0-914B-4B21-A670-4A4C0A347FFC}"
EndProject
Project("{9A19103F-16F7-4668-BE54-9A1E7A4F7556}") = "Lab06WebApp", "Lab06WebApp\Lab06WebApp.csproj", "{A6EEA806-1693-43A6-BFD6-842EF3886E6A}"
EndProject
Project("{9A19103F-16F7-4668-BE54-9A1E7A4F7556}") = "Lab07Lib", "Lab07Lib\Lab07Lib.csproj", "{01A974E0-BEF2-4E70-9EBA-25D7C7B6DA8B}"
EndProject
Project("{9A19103F-16F7-4668-BE54-9A1E7A4F7556}") = "Lab07WebAPI", "Lab07WebAPI\Lab07WebAPI.csproj", "{F48ECA92-2133-40E8-91BD-49EF9CA69BE8}"
EndProject
Project("{FAE04EC0-301F-11D3-BF4B-00C04F79EFBC}") = "Lab07WCF", "Lab07WCF\Lab07WCF.csproj", "{D60FCC05-342E-46D0-9996-F92C66B84949}"
EndProject
Project("{9A19103F-16F7-4668-BE54-9A1E7A4F7556}") = "Lab07WebApp", "Lab07WebApp\Lab07WebApp.csproj", "{1132AB26-887F-475D-9AAF-7A32EA1EA3B4}"
EndProject
Project("{9A19103F-16F7-4668-BE54-9A1E7A4F7556}") = "Lab08AzureFunction", "Lab08AzureFunction\Lab08AzureFunction.csproj", "{6E31DDBA-6DFE-426E-B261-061FEF84D2AE}"
EndProject
Project("{9A19103F-16F7-4668-BE54-9A1E7A4F7556}") = "Lab08AzureFunctionApp", "Lab08AzureFunctionApp\Lab08AzureFunctionApp.csproj", "{080F0347-263C-441B-892D-B15D0415355B}"
EndProject
Project("{9A19103F-16F7-4668-BE54-9A1E7A4F7556}") = "Lab08WebAPI", "Lab08WebAPI\Lab08WebAPI.csproj", "{D4EE78A2-BA08-4684-AB10-EE332DB3C08C}"
EndProject
Project("{9A19103F-16F7-4668-BE54-9A1E7A4F7556}") = "Lab08WebApp", "Lab08WebApp\Lab08WebApp.csproj", "{2900935F-1B08-4D77-87E9-864FA38B849D}"
EndProject
Project("{9A19103F-16F7-4668-BE54-9A1E7A4F7556}") = "Lab09Lib", "Lab09Lib\Lab09Lib.csproj", "{34DE0040-690A-44F5-89E9-8C1E77F7164E}"
EndProject
Project("{9A19103F-16F7-4668-BE54-9A1E7A4F7556}") = "Lab09WebAPI", "Lab09WebAPI\Lab09WebAPI.csproj", "{840B3AD0-5ABF-4C98-B8BC-A403374B4841}"
EndProject
Project("{9A19103F-16F7-4668-BE54-9A1E7A4F7556}") = "Lab09WebApp", "Lab09WebApp\Lab09WebApp.csproj", "{E722F900-CE6A-44F4-92EE-DE4D357DB753}"
EndProject
Project("{9A19103F-16F7-4668-BE54-9A1E7A4F7556}") = "Lab10WebAPI", "Lab10WebAPI\Lab10WebAPI.csproj", "{BE716508-9AB2-4FE8-B168-8357511AA0C5}"
EndProject
Project("{9A19103F-16F7-4668-BE54-9A1E7A4F7556}") = "Lab10WebApp", "Lab10WebApp\Lab10WebApp.csproj", "{375D6513-1504-4BC3-A0D2-8D321CD7B5A7}"
EndProject
Project("{9A19103F-16F7-4668-BE54-9A1E7A4F7556}") = "Pretest03WebAPI", "Pretest03WebAPI\Pretest03WebAPI.csproj", "{28BF291C-96A0-4237-92CC-C4A52B666A9D}"
EndProject
Project("{9A19103F-16F7-4668-BE54-9A1E7A4F7556}") = "Pretest03WebApp", "Pretest03WebApp\Pretest03WebApp.csproj", "{8DC2192D-53BA-4052-A408-F11606800CEA}"
EndProject
Project("{FAE04EC0-301F-11D3-BF4B-00C04F79EFBC}") = "Pretest01WebAPI", "Pretest01WebAPI\Pretest01WebAPI.csproj", "{119F2CFF-C684-4506-8136-2B74C3755557}"
EndProject
Global
	GlobalSection(SolutionConfigurationPlatforms) = preSolution
		Debug|Any CPU = Debug|Any CPU
		Release|Any CPU = Release|Any CPU
	EndGlobalSection
	GlobalSection(ProjectConfigurationPlatforms) = postSolution
		{6B9C3E22-22FA-4F25-8EE1-C1FBE6066926}.Debug|Any CPU.ActiveCfg = Debug|Any CPU
		{6B9C3E22-22FA-4F25-8EE1-C1FBE6066926}.Debug|Any CPU.Build.0 = Debug|Any CPU
		{6B9C3E22-22FA-4F25-8EE1-C1FBE6066926}.Release|Any CPU.ActiveCfg = Release|Any CPU
		{6B9C3E22-22FA-4F25-8EE1-C1FBE6066926}.Release|Any CPU.Build.0 = Release|Any CPU
		{100E5148-4318-4FC5-B97F-45A50489345E}.Debug|Any CPU.ActiveCfg = Debug|Any CPU
		{100E5148-4318-4FC5-B97F-45A50489345E}.Debug|Any CPU.Build.0 = Debug|Any CPU
		{100E5148-4318-4FC5-B97F-45A50489345E}.Release|Any CPU.ActiveCfg = Release|Any CPU
		{100E5148-4318-4FC5-B97F-45A50489345E}.Release|Any CPU.Build.0 = Release|Any CPU
		{ADB5D878-6E90-4D98-90F9-265F57CE9042}.Debug|Any CPU.ActiveCfg = Debug|Any CPU
		{ADB5D878-6E90-4D98-90F9-265F57CE9042}.Debug|Any CPU.Build.0 = Debug|Any CPU
		{ADB5D878-6E90-4D98-90F9-265F57CE9042}.Release|Any CPU.ActiveCfg = Release|Any CPU
		{ADB5D878-6E90-4D98-90F9-265F57CE9042}.Release|Any CPU.Build.0 = Release|Any CPU
		{14AECD67-BD7A-4873-A46C-8A8DFD4D527A}.Debug|Any CPU.ActiveCfg = Debug|Any CPU
		{14AECD67-BD7A-4873-A46C-8A8DFD4D527A}.Debug|Any CPU.Build.0 = Debug|Any CPU
		{14AECD67-BD7A-4873-A46C-8A8DFD4D527A}.Release|Any CPU.ActiveCfg = Release|Any CPU
		{14AECD67-BD7A-4873-A46C-8A8DFD4D527A}.Release|Any CPU.Build.0 = Release|Any CPU
		{7DF4680B-7CA1-416D-8E7B-94FF3366DF6E}.Debug|Any CPU.ActiveCfg = Debug|Any CPU
		{7DF4680B-7CA1-416D-8E7B-94FF3366DF6E}.Debug|Any CPU.Build.0 = Debug|Any CPU
		{7DF4680B-7CA1-416D-8E7B-94FF3366DF6E}.Release|Any CPU.ActiveCfg = Release|Any CPU
		{7DF4680B-7CA1-416D-8E7B-94FF3366DF6E}.Release|Any CPU.Build.0 = Release|Any CPU
		{9419FDAB-6175-4554-8272-22873173E838}.Debug|Any CPU.ActiveCfg = Debug|Any CPU
		{9419FDAB-6175-4554-8272-22873173E838}.Debug|Any CPU.Build.0 = Debug|Any CPU
		{9419FDAB-6175-4554-8272-22873173E838}.Release|Any CPU.ActiveCfg = Release|Any CPU
		{9419FDAB-6175-4554-8272-22873173E838}.Release|Any CPU.Build.0 = Release|Any CPU
		{B2C1F4DF-4ECA-44B9-8074-8B3FE99C8F5E}.Debug|Any CPU.ActiveCfg = Debug|Any CPU
		{B2C1F4DF-4ECA-44B9-8074-8B3FE99C8F5E}.Debug|Any CPU.Build.0 = Debug|Any CPU
		{B2C1F4DF-4ECA-44B9-8074-8B3FE99C8F5E}.Release|Any CPU.ActiveCfg = Release|Any CPU
		{B2C1F4DF-4ECA-44B9-8074-8B3FE99C8F5E}.Release|Any CPU.Build.0 = Release|Any CPU
		{83EA8B41-4925-48C5-83A7-95878534AA14}.Debug|Any CPU.ActiveCfg = Debug|Any CPU
		{83EA8B41-4925-48C5-83A7-95878534AA14}.Debug|Any CPU.Build.0 = Debug|Any CPU
		{83EA8B41-4925-48C5-83A7-95878534AA14}.Release|Any CPU.ActiveCfg = Release|Any CPU
		{83EA8B41-4925-48C5-83A7-95878534AA14}.Release|Any CPU.Build.0 = Release|Any CPU
		{AB6D5618-22F8-43CE-B366-5E0D1AAC61F8}.Debug|Any CPU.ActiveCfg = Debug|Any CPU
		{AB6D5618-22F8-43CE-B366-5E0D1AAC61F8}.Debug|Any CPU.Build.0 = Debug|Any CPU
		{AB6D5618-22F8-43CE-B366-5E0D1AAC61F8}.Release|Any CPU.ActiveCfg = Release|Any CPU
		{AB6D5618-22F8-43CE-B366-5E0D1AAC61F8}.Release|Any CPU.Build.0 = Release|Any CPU
		{5D73B036-F033-47BD-B72B-2B9A7F467D20}.Debug|Any CPU.ActiveCfg = Debug|Any CPU
		{5D73B036-F033-47BD-B72B-2B9A7F467D20}.Debug|Any CPU.Build.0 = Debug|Any CPU
		{5D73B036-F033-47BD-B72B-2B9A7F467D20}.Release|Any CPU.ActiveCfg = Release|Any CPU
		{5D73B036-F033-47BD-B72B-2B9A7F467D20}.Release|Any CPU.Build.0 = Release|Any CPU
		{31A9E18E-9BF7-43C8-A820-57F302F2C7F0}.Debug|Any CPU.ActiveCfg = Debug|Any CPU
		{31A9E18E-9BF7-43C8-A820-57F302F2C7F0}.Debug|Any CPU.Build.0 = Debug|Any CPU
		{31A9E18E-9BF7-43C8-A820-57F302F2C7F0}.Release|Any CPU.ActiveCfg = Release|Any CPU
		{31A9E18E-9BF7-43C8-A820-57F302F2C7F0}.Release|Any CPU.Build.0 = Release|Any CPU
		{E1FDBAE7-1046-4F41-99AB-DF5C0A171143}.Debug|Any CPU.ActiveCfg = Debug|Any CPU
		{E1FDBAE7-1046-4F41-99AB-DF5C0A171143}.Debug|Any CPU.Build.0 = Debug|Any CPU
		{E1FDBAE7-1046-4F41-99AB-DF5C0A171143}.Release|Any CPU.ActiveCfg = Release|Any CPU
		{E1FDBAE7-1046-4F41-99AB-DF5C0A171143}.Release|Any CPU.Build.0 = Release|Any CPU
		{41B67A31-27FA-49FC-87B4-4570A897035A}.Debug|Any CPU.ActiveCfg = Debug|Any CPU
		{41B67A31-27FA-49FC-87B4-4570A897035A}.Debug|Any CPU.Build.0 = Debug|Any CPU
		{41B67A31-27FA-49FC-87B4-4570A897035A}.Release|Any CPU.ActiveCfg = Release|Any CPU
		{41B67A31-27FA-49FC-87B4-4570A897035A}.Release|Any CPU.Build.0 = Release|Any CPU
		{D11DE9C0-914B-4B21-A670-4A4C0A347FFC}.Debug|Any CPU.ActiveCfg = Debug|Any CPU
		{D11DE9C0-914B-4B21-A670-4A4C0A347FFC}.Debug|Any CPU.Build.0 = Debug|Any CPU
		{D11DE9C0-914B-4B21-A670-4A4C0A347FFC}.Release|Any CPU.ActiveCfg = Release|Any CPU
		{D11DE9C0-914B-4B21-A670-4A4C0A347FFC}.Release|Any CPU.Build.0 = Release|Any CPU
		{A6EEA806-1693-43A6-BFD6-842EF3886E6A}.Debug|Any CPU.ActiveCfg = Debug|Any CPU
		{A6EEA806-1693-43A6-BFD6-842EF3886E6A}.Debug|Any CPU.Build.0 = Debug|Any CPU
		{A6EEA806-1693-43A6-BFD6-842EF3886E6A}.Release|Any CPU.ActiveCfg = Release|Any CPU
		{A6EEA806-1693-43A6-BFD6-842EF3886E6A}.Release|Any CPU.Build.0 = Release|Any CPU
		{01A974E0-BEF2-4E70-9EBA-25D7C7B6DA8B}.Debug|Any CPU.ActiveCfg = Debug|Any CPU
		{01A974E0-BEF2-4E70-9EBA-25D7C7B6DA8B}.Debug|Any CPU.Build.0 = Debug|Any CPU
		{01A974E0-BEF2-4E70-9EBA-25D7C7B6DA8B}.Release|Any CPU.ActiveCfg = Release|Any CPU
		{01A974E0-BEF2-4E70-9EBA-25D7C7B6DA8B}.Release|Any CPU.Build.0 = Release|Any CPU
		{F48ECA92-2133-40E8-91BD-49EF9CA69BE8}.Debug|Any CPU.ActiveCfg = Debug|Any CPU
		{F48ECA92-2133-40E8-91BD-49EF9CA69BE8}.Debug|Any CPU.Build.0 = Debug|Any CPU
		{F48ECA92-2133-40E8-91BD-49EF9CA69BE8}.Release|Any CPU.ActiveCfg = Release|Any CPU
		{F48ECA92-2133-40E8-91BD-49EF9CA69BE8}.Release|Any CPU.Build.0 = Release|Any CPU
		{D60FCC05-342E-46D0-9996-F92C66B84949}.Debug|Any CPU.ActiveCfg = Debug|Any CPU
		{D60FCC05-342E-46D0-9996-F92C66B84949}.Debug|Any CPU.Build.0 = Debug|Any CPU
		{D60FCC05-342E-46D0-9996-F92C66B84949}.Release|Any CPU.ActiveCfg = Release|Any CPU
		{D60FCC05-342E-46D0-9996-F92C66B84949}.Release|Any CPU.Build.0 = Release|Any CPU
		{1132AB26-887F-475D-9AAF-7A32EA1EA3B4}.Debug|Any CPU.ActiveCfg = Debug|Any CPU
		{1132AB26-887F-475D-9AAF-7A32EA1EA3B4}.Debug|Any CPU.Build.0 = Debug|Any CPU
		{1132AB26-887F-475D-9AAF-7A32EA1EA3B4}.Release|Any CPU.ActiveCfg = Release|Any CPU
		{1132AB26-887F-475D-9AAF-7A32EA1EA3B4}.Release|Any CPU.Build.0 = Release|Any CPU
		{6E31DDBA-6DFE-426E-B261-061FEF84D2AE}.Debug|Any CPU.ActiveCfg = Debug|Any CPU
		{6E31DDBA-6DFE-426E-B261-061FEF84D2AE}.Debug|Any CPU.Build.0 = Debug|Any CPU
		{6E31DDBA-6DFE-426E-B261-061FEF84D2AE}.Release|Any CPU.ActiveCfg = Release|Any CPU
		{6E31DDBA-6DFE-426E-B261-061FEF84D2AE}.Release|Any CPU.Build.0 = Release|Any CPU
		{080F0347-263C-441B-892D-B15D0415355B}.Debug|Any CPU.ActiveCfg = Debug|Any CPU
		{080F0347-263C-441B-892D-B15D0415355B}.Debug|Any CPU.Build.0 = Debug|Any CPU
		{080F0347-263C-441B-892D-B15D0415355B}.Release|Any CPU.ActiveCfg = Release|Any CPU
		{080F0347-263C-441B-892D-B15D0415355B}.Release|Any CPU.Build.0 = Release|Any CPU
		{D4EE78A2-BA08-4684-AB10-EE332DB3C08C}.Debug|Any CPU.ActiveCfg = Debug|Any CPU
		{D4EE78A2-BA08-4684-AB10-EE332DB3C08C}.Debug|Any CPU.Build.0 = Debug|Any CPU
		{D4EE78A2-BA08-4684-AB10-EE332DB3C08C}.Release|Any CPU.ActiveCfg = Release|Any CPU
		{D4EE78A2-BA08-4684-AB10-EE332DB3C08C}.Release|Any CPU.Build.0 = Release|Any CPU
		{2900935F-1B08-4D77-87E9-864FA38B849D}.Debug|Any CPU.ActiveCfg = Debug|Any CPU
		{2900935F-1B08-4D77-87E9-864FA38B849D}.Debug|Any CPU.Build.0 = Debug|Any CPU
		{2900935F-1B08-4D77-87E9-864FA38B849D}.Release|Any CPU.ActiveCfg = Release|Any CPU
		{2900935F-1B08-4D77-87E9-864FA38B849D}.Release|Any CPU.Build.0 = Release|Any CPU
		{34DE0040-690A-44F5-89E9-8C1E77F7164E}.Debug|Any CPU.ActiveCfg = Debug|Any CPU
		{34DE0040-690A-44F5-89E9-8C1E77F7164E}.Debug|Any CPU.Build.0 = Debug|Any CPU
		{34DE0040-690A-44F5-89E9-8C1E77F7164E}.Release|Any CPU.ActiveCfg = Release|Any CPU
		{34DE0040-690A-44F5-89E9-8C1E77F7164E}.Release|Any CPU.Build.0 = Release|Any CPU
		{840B3AD0-5ABF-4C98-B8BC-A403374B4841}.Debug|Any CPU.ActiveCfg = Debug|Any CPU
		{840B3AD0-5ABF-4C98-B8BC-A403374B4841}.Debug|Any CPU.Build.0 = Debug|Any CPU
		{840B3AD0-5ABF-4C98-B8BC-A403374B4841}.Release|Any CPU.ActiveCfg = Release|Any CPU
		{840B3AD0-5ABF-4C98-B8BC-A403374B4841}.Release|Any CPU.Build.0 = Release|Any CPU
		{E722F900-CE6A-44F4-92EE-DE4D357DB753}.Debug|Any CPU.ActiveCfg = Debug|Any CPU
		{E722F900-CE6A-44F4-92EE-DE4D357DB753}.Debug|Any CPU.Build.0 = Debug|Any CPU
		{E722F900-CE6A-44F4-92EE-DE4D357DB753}.Release|Any CPU.ActiveCfg = Release|Any CPU
		{E722F900-CE6A-44F4-92EE-DE4D357DB753}.Release|Any CPU.Build.0 = Release|Any CPU
		{BE716508-9AB2-4FE8-B168-8357511AA0C5}.Debug|Any CPU.ActiveCfg = Debug|Any CPU
		{BE716508-9AB2-4FE8-B168-8357511AA0C5}.Debug|Any CPU.Build.0 = Debug|Any CPU
		{BE716508-9AB2-4FE8-B168-8357511AA0C5}.Release|Any CPU.ActiveCfg = Release|Any CPU
		{BE716508-9AB2-4FE8-B168-8357511AA0C5}.Release|Any CPU.Build.0 = Release|Any CPU
		{375D6513-1504-4BC3-A0D2-8D321CD7B5A7}.Debug|Any CPU.ActiveCfg = Debug|Any CPU
		{375D6513-1504-4BC3-A0D2-8D321CD7B5A7}.Debug|Any CPU.Build.0 = Debug|Any CPU
		{375D6513-1504-4BC3-A0D2-8D321CD7B5A7}.Release|Any CPU.ActiveCfg = Release|Any CPU
		{375D6513-1504-4BC3-A0D2-8D321CD7B5A7}.Release|Any CPU.Build.0 = Release|Any CPU
		{28BF291C-96A0-4237-92CC-C4A52B666A9D}.Debug|Any CPU.ActiveCfg = Debug|Any CPU
		{28BF291C-96A0-4237-92CC-C4A52B666A9D}.Debug|Any CPU.Build.0 = Debug|Any CPU
		{28BF291C-96A0-4237-92CC-C4A52B666A9D}.Release|Any CPU.ActiveCfg = Release|Any CPU
		{28BF291C-96A0-4237-92CC-C4A52B666A9D}.Release|Any CPU.Build.0 = Release|Any CPU
		{8DC2192D-53BA-4052-A408-F11606800CEA}.Debug|Any CPU.ActiveCfg = Debug|Any CPU
		{8DC2192D-53BA-4052-A408-F11606800CEA}.Debug|Any CPU.Build.0 = Debug|Any CPU
		{8DC2192D-53BA-4052-A408-F11606800CEA}.Release|Any CPU.ActiveCfg = Release|Any CPU
		{8DC2192D-53BA-4052-A408-F11606800CEA}.Release|Any CPU.Build.0 = Release|Any CPU
		{119F2CFF-C684-4506-8136-2B74C3755557}.Debug|Any CPU.ActiveCfg = Debug|Any CPU
		{119F2CFF-C684-4506-8136-2B74C3755557}.Debug|Any CPU.Build.0 = Debug|Any CPU
		{119F2CFF-C684-4506-8136-2B74C3755557}.Release|Any CPU.ActiveCfg = Release|Any CPU
		{119F2CFF-C684-4506-8136-2B74C3755557}.Release|Any CPU.Build.0 = Release|Any CPU
	EndGlobalSection
	GlobalSection(SolutionProperties) = preSolution
		HideSolutionNode = FALSE
	EndGlobalSection
	GlobalSection(ExtensibilityGlobals) = postSolution
		SolutionGuid = {AAE8F83B-A721-43AE-9C7B-59761A402B46}
	EndGlobalSection
EndGlobal
